<?xml version="1.0" encoding="utf-8"?>
<Project ToolsVersion="4.0" xmlns="http://schemas.microsoft.com/developer/msbuild/2003">
  <ItemGroup>
    <Filter Include="Source Files">
      <UniqueIdentifier>{4FC737F1-C7A5-4376-A066-2A32D752A2FF}</UniqueIdentifier>
      <Extensions>cpp;c;cc;cxx;def;odl;idl;hpj;bat;asm;asmx</Extensions>
    </Filter>
    <Filter Include="Header Files">
      <UniqueIdentifier>{93995380-89BD-4b04-88EB-625FBE52EBFB}</UniqueIdentifier>
      <Extensions>h;hpp;hxx;hm;inl;inc;xsd</Extensions>
    </Filter>
    <Filter Include="Resource Files">
      <UniqueIdentifier>{67DA6AB6-F800-4c08-8B7A-83BB121AAD01}</UniqueIdentifier>
      <Extensions>rc;ico;cur;bmp;dlg;rc2;rct;bin;rgs;gif;jpg;jpeg;jpe;resx;tiff;tif;png;wav</Extensions>
    </Filter>
  </ItemGroup>
  <ItemGroup>
    <ClCompile Include="src\KinAbstractJoint.cpp">
      <Filter>Source Files</Filter>
    </ClCompile>
    <ClCompile Include="src\KinAbstractTrack.cpp">
      <Filter>Source Files</Filter>
    </ClCompile>
    <ClCompile Include="src\KinArcLinTrack.cpp">
      <Filter>Source Files</Filter>
    </ClCompile>
    <ClCompile Include="src\KinBody.cpp">
      <Filter>Source Files</Filter>
    </ClCompile>
    <ClCompile Include="src\KinFunction.cpp">
      <Filter>Source Files</Filter>
    </ClCompile>
    <ClCompile Include="src\KinGrip.cpp">
      <Filter>Source Files</Filter>
    </ClCompile>
    <ClCompile Include="src\KinJntBall.cpp">
      <Filter>Source Files</Filter>
    </ClCompile>
    <ClCompile Include="src\KinJntBall2Slide.cpp">
      <Filter>Source Files</Filter>
    </ClCompile>
    <ClCompile Include="src\KinJntBallSlide.cpp">
      <Filter>Source Files</Filter>
    </ClCompile>
    <ClCompile Include="src\KinJntCross.cpp">
      <Filter>Source Files</Filter>
    </ClCompile>
    <ClCompile Include="src\KinJntRev.cpp">
      <Filter>Source Files</Filter>
    </ClCompile>
    <ClCompile Include="src\KinJntRevSlide.cpp">
      <Filter>Source Files</Filter>
    </ClCompile>
    <ClCompile Include="src\KinJntSlide.cpp">
      <Filter>Source Files</Filter>
    </ClCompile>
    <ClCompile Include="src\KinJntTrack.cpp">
      <Filter>Source Files</Filter>
    </ClCompile>
    <ClCompile Include="src\KinModel.cpp">
      <Filter>Source Files</Filter>
    </ClCompile>
    <ClCompile Include="src\KinObject.cpp">
      <Filter>Source Files</Filter>
    </ClCompile>
    <ClCompile Include="src\KinProbe.cpp">
      <Filter>Source Files</Filter>
    </ClCompile>
    <ClCompile Include="src\KinSequence.cpp">
      <Filter>Source Files</Filter>
    </ClCompile>
    <ClCompile Include="src\KinSplineTrack.cpp">
      <Filter>Source Files</Filter>
    </ClCompile>
    <ClCompile Include="src\KinState.cpp">
      <Filter>Source Files</Filter>
    </ClCompile>
    <ClCompile Include="src\KinTableArc.cpp">
      <Filter>Source Files</Filter>
    </ClCompile>
    <ClCompile Include="src\KinTableFunction.cpp">
      <Filter>Source Files</Filter>
    </ClCompile>
    <ClCompile Include="src\KinTableLinear.cpp">
      <Filter>Source Files</Filter>
    </ClCompile>
    <ClCompile Include="src\KinTopology.cpp">
      <Filter>Source Files</Filter>
    </ClCompile>
    <ClCompile Include="src\Spline3D.cpp">
      <Filter>Source Files</Filter>
    </ClCompile>
  </ItemGroup>
  <ItemGroup>
    <ClInclude Include="inc\KinAbstractJoint.h">
      <Filter>Header Files</Filter>
    </ClInclude>
    <ClInclude Include="inc\KinAbstractTrack.h">
      <Filter>Header Files</Filter>
    </ClInclude>
    <ClInclude Include="inc\KinArcLinTrack.h">
      <Filter>Header Files</Filter>
    </ClInclude>
    <ClInclude Include="inc\KinBody.h">
      <Filter>Header Files</Filter>
    </ClInclude>
    <ClInclude Include="inc\KinFunction.h">
      <Filter>Header Files</Filter>
    </ClInclude>
    <ClInclude Include="inc\KinGrip.h">
      <Filter>Header Files</Filter>
    </ClInclude>
    <ClInclude Include="inc\KinJntAll.h">
      <Filter>Header Files</Filter>
    </ClInclude>
    <ClInclude Include="inc\KinJntBall.h">
      <Filter>Header Files</Filter>
    </ClInclude>
    <ClInclude Include="inc\KinJntBall2Slide.h">
      <Filter>Header Files</Filter>
    </ClInclude>
    <ClInclude Include="inc\KinJntBallSlide.h">
      <Filter>Header Files</Filter>
    </ClInclude>
    <ClInclude Include="inc\KinJntCross.h">
      <Filter>Header Files</Filter>
    </ClInclude>
    <ClInclude Include="inc\KinJntRev.h">
      <Filter>Header Files</Filter>
    </ClInclude>
    <ClInclude Include="inc\KinJntRevSlide.h">
      <Filter>Header Files</Filter>
    </ClInclude>
    <ClInclude Include="inc\KinJntSlide.h">
      <Filter>Header Files</Filter>
    </ClInclude>
    <ClInclude Include="inc\KinJntTrack.h">
      <Filter>Header Files</Filter>
    </ClInclude>
    <ClInclude Include="inc\KinModel.h">
      <Filter>Header Files</Filter>
    </ClInclude>
    <ClInclude Include="inc\KinObject.h">
      <Filter>Header Files</Filter>
    </ClInclude>
    <ClInclude Include="inc\KinObjList.h">
      <Filter>Header Files</Filter>
    </ClInclude>
    <ClInclude Include="inc\KinProbe.h">
      <Filter>Header Files</Filter>
    </ClInclude>
    <ClInclude Include="inc\KinSequence.h">
      <Filter>Header Files</Filter>
    </ClInclude>
    <ClInclude Include="inc\KinSplineTrack.h">
      <Filter>Header Files</Filter>
    </ClInclude>
    <ClInclude Include="inc\KinState.h">
      <Filter>Header Files</Filter>
    </ClInclude>
    <ClInclude Include="inc\KinTableArc.h">
      <Filter>Header Files</Filter>
    </ClInclude>
    <ClInclude Include="inc\KinTableFunction.h">
      <Filter>Header Files</Filter>
    </ClInclude>
    <ClInclude Include="inc\KinTableLinear.h">
      <Filter>Header Files</Filter>
    </ClInclude>
    <ClInclude Include="inc\KinTopology.h">
      <Filter>Header Files</Filter>
    </ClInclude>
    <ClInclude Include="inc\Spline3D.h">
      <Filter>Header Files</Filter>
    </ClInclude>
  </ItemGroup>
  <ItemGroup>
    <None Include="..\..\InoforLibs\InoforLibs.sln" />
  </ItemGroup>
</Project>